
Microsoft Visual Studio Solution File, Format Version 12.00
# Visual Studio Version 17
VisualStudioVersion = 17.7.34009.444
MinimumVisualStudioVersion = 10.0.40219.1
Project("{FAE04EC0-301F-11D3-BF4B-00C04F79EFBC}") = "UserServiceAPI", "UserServiceAPI\UserServiceAPI.csproj", "{3AE6F407-E054-44CC-AEEF-B57E01189694}"
EndProject
Project("{2150E333-8FDC-42A3-9474-1A3956D46DE8}") = "DAL", "DAL", "{0AC86C0D-56EF-4E1E-92CA-58FD399F294F}"
EndProject
Project("{FAE04EC0-301F-11D3-BF4B-00C04F79EFBC}") = "UserServiceAPI.DAL", "UserServiceAPI.DAL\UserServiceAPI.DAL.csproj", "{DA38543B-3B3C-41C6-A515-F8BBBF536095}"
EndProject
Global
	GlobalSection(SolutionConfigurationPlatforms) = preSolution
		Debug|Any CPU = Debug|Any CPU
		Release|Any CPU = Release|Any CPU
	EndGlobalSection
	GlobalSection(ProjectConfigurationPlatforms) = postSolution
		{3AE6F407-E054-44CC-AEEF-B57E01189694}.Debug|Any CPU.ActiveCfg = Debug|Any CPU
		{3AE6F407-E054-44CC-AEEF-B57E01189694}.Debug|Any CPU.Build.0 = Debug|Any CPU
		{3AE6F407-E054-44CC-AEEF-B57E01189694}.Release|Any CPU.ActiveCfg = Release|Any CPU
		{3AE6F407-E054-44CC-AEEF-B57E01189694}.Release|Any CPU.Build.0 = Release|Any CPU
		{DA38543B-3B3C-41C6-A515-F8BBBF536095}.Debug|Any CPU.ActiveCfg = Debug|Any CPU
		{DA38543B-3B3C-41C6-A515-F8BBBF536095}.Debug|Any CPU.Build.0 = Debug|Any CPU
		{DA38543B-3B3C-41C6-A515-F8BBBF536095}.Release|Any CPU.ActiveCfg = Release|Any CPU
		{DA38543B-3B3C-41C6-A515-F8BBBF536095}.Release|Any CPU.Build.0 = Release|Any CPU
	EndGlobalSection
	GlobalSection(SolutionProperties) = preSolution
		HideSolutionNode = FALSE
	EndGlobalSection
	GlobalSection(NestedProjects) = preSolution
		{DA38543B-3B3C-41C6-A515-F8BBBF536095} = {0AC86C0D-56EF-4E1E-92CA-58FD399F294F}
	EndGlobalSection
	GlobalSection(ExtensibilityGlobals) = postSolution
		SolutionGuid = {24131C22-2F7B-4332-83DD-A80C21500F7D}
	EndGlobalSection
EndGlobal
